{
  "name": "tiktokshop",
  "version": "1.0.0",
  "lockfileVersion": 3,
  "requires": true,
  "packages": {
    "": {
      "name": "tiktokshop",
      "version": "1.0.0",
      "license": "ISC",
      "dependencies": {
        "express": "^4.18.0"
      }
    },
    "node_modules/accepts": {
      "version": "1.3.8",
      "resolved": "https://registry.npmjs.org/accepts/-/accepts-1.3.8.tgz",
      "integrity": "sha512-cB3YzF3uXzoD+fnC4Xk6vWML6Y4VnyUg6TXHZqPcZ6y0vK3OqBvl+mBPGyC2oZp0RC7rFblp2GYD2jhf3vC3zQ==",
      "dependencies": {
        "mime-types": "~2.1.34",
        "negotiator": "0.6.3"
      }
    },
    "node_modules/express": {
      "version": "4.18.0",
      "resolved": "https://registry.npmjs.org/express/-/express-4.18.0.tgz",
      "integrity": "sha512-MyVsks1UcvHtj1/fVj3h2iAJ0TjeEtm3JUVUq/dX72XW0Aj1qglp+UlCeoEwZ7DijL0GkpQWz/lwDuf9TiVfQ==",
      "dependencies": {
        "accepts": "~1.3.8",
        "body-parser": "1.20.0",
        "content-disposition": "0.5.4",
        "cookie": "0.5.0",
        "debug": "2.6.9",
        "qs": "6.10.3",
        "send": "0.18.0"
      }
    }
  }
}